
Microsoft Visual Studio Solution File, Format Version 12.00
# Visual Studio Version 17
VisualStudioVersion = 17.14.36301.6 d17.14
MinimumVisualStudioVersion = 10.0.40219.1
Project("{FAE04EC0-301F-11D3-BF4B-00C04F79EFBC}") = "CoffeeCuresExhausted", "CoffeeCuresExhausted\CoffeeCuresExhausted.csproj", "{C859FD14-9644-495F-9B4E-7AD6A382C6EB}"
EndProject
Global
	GlobalSection(SolutionConfigurationPlatforms) = preSolution
		Debug|Any CPU = Debug|Any CPU
		Release|Any CPU = Release|Any CPU
	EndGlobalSection
	GlobalSection(ProjectConfigurationPlatforms) = postSolution
		{C859FD14-9644-495F-9B4E-7AD6A382C6EB}.Debug|Any CPU.ActiveCfg = Debug|Any CPU
		{C859FD14-9644-495F-9B4E-7AD6A382C6EB}.Debug|Any CPU.Build.0 = Debug|Any CPU
		{C859FD14-9644-495F-9B4E-7AD6A382C6EB}.Release|Any CPU.ActiveCfg = Release|Any CPU
		{C859FD14-9644-495F-9B4E-7AD6A382C6EB}.Release|Any CPU.Build.0 = Release|Any CPU
	EndGlobalSection
	GlobalSection(SolutionProperties) = preSolution
		HideSolutionNode = FALSE
	EndGlobalSection
	GlobalSection(ExtensibilityGlobals) = postSolution
		SolutionGuid = {3F6942CA-5A61-4FB5-8382-F2158606314E}
	EndGlobalSection
EndGlobal
